<?xml version="1.0" encoding="utf-8"?>
<Project ToolsVersion="4.0" xmlns="http://schemas.microsoft.com/developer/msbuild/2003">
  <ItemGroup>
    <Filter Include="Source Files">
      <UniqueIdentifier>{4FC737F1-C7A5-4376-A066-2A32D752A2FF}</UniqueIdentifier>
      <Extensions>cpp;c;cc;cxx;c++;cppm;ixx;def;odl;idl;hpj;bat;asm;asmx</Extensions>
    </Filter>
    <Filter Include="structures">
      <UniqueIdentifier>{4182498b-e27d-404f-8f92-b1e12e69667c}</UniqueIdentifier>
    </Filter>
    <Filter Include="structures\list">
      <UniqueIdentifier>{d152703b-5f00-49f7-8afe-a553cf98b116}</UniqueIdentifier>
    </Filter>
    <Filter Include="structures\array">
      <UniqueIdentifier>{11457226-5fde-4c65-85d9-ea2669c460a8}</UniqueIdentifier>
    </Filter>
    <Filter Include="structures\vector">
      <UniqueIdentifier>{112ea94c-b2d0-4f72-8e13-a1210781db1d}</UniqueIdentifier>
    </Filter>
    <Filter Include="structures\table">
      <UniqueIdentifier>{0b2a0889-768e-438d-af5b-79225a660355}</UniqueIdentifier>
    </Filter>
    <Filter Include="structures\tree">
      <UniqueIdentifier>{1960a6dc-02d9-4054-877f-dec2077db216}</UniqueIdentifier>
    </Filter>
    <Filter Include="structures\common">
      <UniqueIdentifier>{6d3fde8a-9f74-42b1-99bc-cca49a3b0da3}</UniqueIdentifier>
    </Filter>
    <Filter Include="uzemne_jednotky">
      <UniqueIdentifier>{52c69e75-3b96-40fb-843b-840a5f743ebc}</UniqueIdentifier>
    </Filter>
    <Filter Include="data_loading">
      <UniqueIdentifier>{fa1194c1-d713-4ee4-b524-10e0c7848f75}</UniqueIdentifier>
    </Filter>
    <Filter Include="criterions">
      <UniqueIdentifier>{ad917179-b43b-4c97-a846-aa6afca3d14f}</UniqueIdentifier>
    </Filter>
    <Filter Include="filters">
      <UniqueIdentifier>{e04a670c-84c9-46e0-a009-d9637ad61bbd}</UniqueIdentifier>
    </Filter>
    <Filter Include="selection_criterions">
      <UniqueIdentifier>{113986f3-26f8-480d-a3e8-75101c7b649d}</UniqueIdentifier>
    </Filter>
    <Filter Include="sorting">
      <UniqueIdentifier>{e6fd9ae9-5847-4f1c-9e70-24c82fb7cd56}</UniqueIdentifier>
    </Filter>
    <Filter Include="functionalities">
      <UniqueIdentifier>{ae9702d5-2120-40fb-b7db-30345ce1c7da}</UniqueIdentifier>
    </Filter>
  </ItemGroup>
  <ItemGroup>
    <ClCompile Include="SemestralnaPraca_Zimen.cpp">
      <Filter>Source Files</Filter>
    </ClCompile>
    <ClCompile Include="structures\vector\vector.cpp">
      <Filter>structures\vector</Filter>
    </ClCompile>
    <ClCompile Include="structures\structure.cpp">
      <Filter>structures\common</Filter>
    </ClCompile>
    <ClCompile Include="structures\utils.cpp">
      <Filter>structures\common</Filter>
    </ClCompile>
  </ItemGroup>
  <ItemGroup>
    <ClInclude Include="structures\list\array_list.h">
      <Filter>structures\list</Filter>
    </ClInclude>
    <ClInclude Include="structures\list\double_linked_list.h">
      <Filter>structures\list</Filter>
    </ClInclude>
    <ClInclude Include="structures\list\linked_list.h">
      <Filter>structures\list</Filter>
    </ClInclude>
    <ClInclude Include="structures\list\list.h">
      <Filter>structures\list</Filter>
    </ClInclude>
    <ClInclude Include="structures\array\array.h">
      <Filter>structures\array</Filter>
    </ClInclude>
    <ClInclude Include="structures\vector\vector.h">
      <Filter>structures\vector</Filter>
    </ClInclude>
    <ClInclude Include="structures\table\hash_table.h">
      <Filter>structures\table</Filter>
    </ClInclude>
    <ClInclude Include="structures\table\linked_table.h">
      <Filter>structures\table</Filter>
    </ClInclude>
    <ClInclude Include="structures\table\sequence_table.h">
      <Filter>structures\table</Filter>
    </ClInclude>
    <ClInclude Include="structures\table\sorted_sequence_table.h">
      <Filter>structures\table</Filter>
    </ClInclude>
    <ClInclude Include="structures\table\table.h">
      <Filter>structures\table</Filter>
    </ClInclude>
    <ClInclude Include="structures\table\unsorted_sequence_table.h">
      <Filter>structures\table</Filter>
    </ClInclude>
    <ClInclude Include="structures\data_item.h">
      <Filter>structures\common</Filter>
    </ClInclude>
    <ClInclude Include="structures\heap_monitor.h">
      <Filter>structures\common</Filter>
    </ClInclude>
    <ClInclude Include="structures\structure.h">
      <Filter>structures\common</Filter>
    </ClInclude>
    <ClInclude Include="structures\structure_iterator.h">
      <Filter>structures\common</Filter>
    </ClInclude>
    <ClInclude Include="structures\types.h">
      <Filter>structures\common</Filter>
    </ClInclude>
    <ClInclude Include="structures\utils.h">
      <Filter>structures\common</Filter>
    </ClInclude>
    <ClInclude Include="uzemna_jednotka.h">
      <Filter>uzemne_jednotky</Filter>
    </ClInclude>
    <ClInclude Include="loader.h">
      <Filter>data_loading</Filter>
    </ClInclude>
    <ClInclude Include="typ_uj.h">
      <Filter>uzemne_jednotky</Filter>
    </ClInclude>
    <ClInclude Include="stat.h">
      <Filter>uzemne_jednotky</Filter>
    </ClInclude>
    <ClInclude Include="criterion.h">
      <Filter>criterions</Filter>
    </ClInclude>
    <ClInclude Include="criterion_Uj.h">
      <Filter>criterions</Filter>
    </ClInclude>
    <ClInclude Include="criterion_UJ_Nazov.h">
      <Filter>criterions</Filter>
    </ClInclude>
    <ClInclude Include="criterion_UJ_Typ.h">
      <Filter>criterions</Filter>
    </ClInclude>
    <ClInclude Include="criterion_UJ_Prislusnost.h">
      <Filter>criterions</Filter>
    </ClInclude>
    <ClInclude Include="criterion_UJ_VzdelaniePocet.h">
      <Filter>criterions</Filter>
    </ClInclude>
    <ClInclude Include="criterion_UJ_VzdelaniePodiel.h">
      <Filter>criterions</Filter>
    </ClInclude>
    <ClInclude Include="criterion_UJ_VekPocet.h">
      <Filter>criterions</Filter>
    </ClInclude>
    <ClInclude Include="criterion_UJ_VekPodiel.h">
      <Filter>criterions</Filter>
    </ClInclude>
    <ClInclude Include="criterion_UJ_VekovaSkupinaPocet.h">
      <Filter>criterions</Filter>
    </ClInclude>
    <ClInclude Include="criterion_UJ_VekovaSkupinaPodiel.h">
      <Filter>criterions</Filter>
    </ClInclude>
    <ClInclude Include="criterion_UJ_Nadradena.h">
      <Filter>criterions</Filter>
    </ClInclude>
    <ClInclude Include="filter.h">
      <Filter>filters</Filter>
    </ClInclude>
    <ClInclude Include="filter_Criterion.h">
      <Filter>filters</Filter>
    </ClInclude>
    <ClInclude Include="filter_Criterion_Value.h">
      <Filter>filters</Filter>
    </ClInclude>
    <ClInclude Include="filter_Criterion_Interval.h">
      <Filter>filters</Filter>
    </ClInclude>
    <ClInclude Include="filter_UJ_Nazov.h">
      <Filter>filters</Filter>
    </ClInclude>
    <ClInclude Include="filter_UJ_Typ.h">
      <Filter>filters</Filter>
    </ClInclude>
    <ClInclude Include="filter_UJ_Prislusnost.h">
      <Filter>filters</Filter>
    </ClInclude>
    <ClInclude Include="Filter_UJ_VzdelaniePocet.h">
      <Filter>filters</Filter>
    </ClInclude>
    <ClInclude Include="filter_UJ_VzdelaniePodiel.h">
      <Filter>filters</Filter>
    </ClInclude>
    <ClInclude Include="filter_UJ_VekPocet.h">
      <Filter>filters</Filter>
    </ClInclude>
    <ClInclude Include="filter_UJ_VekPodiel.h">
      <Filter>filters</Filter>
    </ClInclude>
    <ClInclude Include="filter_UJ_VekovaSkupinaPocet.h">
      <Filter>filters</Filter>
    </ClInclude>
    <ClInclude Include="filter_UJ_VekovaSkupinaPodiel.h">
      <Filter>filters</Filter>
    </ClInclude>
    <ClInclude Include="filter_Composite.h">
      <Filter>filters</Filter>
    </ClInclude>
    <ClInclude Include="filter_Composite_AND.h">
      <Filter>filters</Filter>
    </ClInclude>
    <ClInclude Include="filter_Composite_OR.h">
      <Filter>filters</Filter>
    </ClInclude>
    <ClInclude Include="selectionCriterion.h">
      <Filter>selection_criterions</Filter>
    </ClInclude>
    <ClInclude Include="selectionCriterion_MIN.h">
      <Filter>selection_criterions</Filter>
    </ClInclude>
    <ClInclude Include="selectionCriterion_MAX.h">
      <Filter>selection_criterions</Filter>
    </ClInclude>
    <ClInclude Include="selectionCriterion_NajvacsiaVekovaSkupina.h">
      <Filter>selection_criterions</Filter>
    </ClInclude>
    <ClInclude Include="selectionCriterion_NajmensiaVekovaSkupina.h">
      <Filter>selection_criterions</Filter>
    </ClInclude>
    <ClInclude Include="quickSorter.h">
      <Filter>sorting</Filter>
    </ClInclude>
    <ClInclude Include="funcionality.h">
      <Filter>functionalities</Filter>
    </ClInclude>
    <ClInclude Include="bodove_Vyhladavanie.h">
      <Filter>functionalities</Filter>
    </ClInclude>
    <ClInclude Include="filtrovanie.h">
      <Filter>functionalities</Filter>
    </ClInclude>
  </ItemGroup>
  <ItemGroup>
    <None Include="ClassDiagram.cd" />
  </ItemGroup>
</Project>